
Microsoft Visual Studio Solution File, Format Version 12.00
# Visual Studio Version 17
VisualStudioVersion = 17.5.002.0
MinimumVisualStudioVersion = 10.0.40219.1
Project("{9A19103F-16F7-4668-BE54-9A1E7A4F7556}") = "WebsocketHandy", "WebsocketHandy.csproj", "{79A36B10-DE68-4CE2-B94C-D0D48708E1E2}"
EndProject
Global
	GlobalSection(SolutionConfigurationPlatforms) = preSolution
		Debug|Any CPU = Debug|Any CPU
		Release|Any CPU = Release|Any CPU
	EndGlobalSection
	GlobalSection(ProjectConfigurationPlatforms) = postSolution
		{79A36B10-DE68-4CE2-B94C-D0D48708E1E2}.Debug|Any CPU.ActiveCfg = Debug|Any CPU
		{79A36B10-DE68-4CE2-B94C-D0D48708E1E2}.Debug|Any CPU.Build.0 = Debug|Any CPU
		{79A36B10-DE68-4CE2-B94C-D0D48708E1E2}.Release|Any CPU.ActiveCfg = Release|Any CPU
		{79A36B10-DE68-4CE2-B94C-D0D48708E1E2}.Release|Any CPU.Build.0 = Release|Any CPU
	EndGlobalSection
	GlobalSection(SolutionProperties) = preSolution
		HideSolutionNode = FALSE
	EndGlobalSection
	GlobalSection(ExtensibilityGlobals) = postSolution
		SolutionGuid = {123FC976-779B-49B9-ABCE-A99530C25392}
	EndGlobalSection
EndGlobal
